// !$*UTF8*$!
{
	archiveVersion = 1;
	classes = {
	};
	objectVersion = 56;
	objects = {

/* Begin PBXBuildFile section */
		B11C9D7429BFEA02004A7D9F /* AppDelegate.swift in Sources */ = {isa = PBXBuildFile; fileRef = B11C9D7329BFEA02004A7D9F /* AppDelegate.swift */; };
		B11C9D7629BFEA02004A7D9F /* SceneDelegate.swift in Sources */ = {isa = PBXBuildFile; fileRef = B11C9D7529BFEA02004A7D9F /* SceneDelegate.swift */; };
		B11C9D7829BFEA02004A7D9F /* ViewController.swift in Sources */ = {isa = PBXBuildFile; fileRef = B11C9D7729BFEA02004A7D9F /* ViewController.swift */; };
		B11C9D7B29BFEA02004A7D9F /* Main.storyboard in Resources */ = {isa = PBXBuildFile; fileRef = B11C9D7929BFEA02004A7D9F /* Main.storyboard */; };
		B11C9D7E29BFEA02004A7D9F /* MAPD724___ICE_7.xcdatamodeld in Sources */ = {isa = PBXBuildFile; fileRef = B11C9D7C29BFEA02004A7D9F /* MAPD724___ICE_7.xcdatamodeld */; };
		B11C9D8029BFEA03004A7D9F /* Assets.xcassets in Resources */ = {isa = PBXBuildFile; fileRef = B11C9D7F29BFEA03004A7D9F /* Assets.xcassets */; };
		B11C9D8329BFEA03004A7D9F /* LaunchScreen.storyboard in Resources */ = {isa = PBXBuildFile; fileRef = B11C9D8129BFEA03004A7D9F /* LaunchScreen.storyboard */; };
/* End PBXBuildFile section */

/* Begin PBXFileReference section */
		B11C9D7029BFEA02004A7D9F /* MAPD724 - ICE 7.app */ = {isa = PBXFileReference; explicitFileType = wrapper.application; includeInIndex = 0; path = "MAPD724 - ICE 7.app"; sourceTree = BUILT_PRODUCTS_DIR; };
		B11C9D7329BFEA02004A7D9F /* AppDelegate.swift */ = {isa = PBXFileReference; lastKnownFileType = sourcecode.swift; path = AppDelegate.swift; sourceTree = "<group>"; };
		B11C9D7529BFEA02004A7D9F /* SceneDelegate.swift */ = {isa = PBXFileReference; lastKnownFileType = sourcecode.swift; path = SceneDelegate.swift; sourceTree = "<group>"; };
		B11C9D7729BFEA02004A7D9F /* ViewController.swift */ = {isa = PBXFileReference; lastKnownFileType = sourcecode.swift; path = ViewController.swift; sourceTree = "<group>"; };
		B11C9D7A29BFEA02004A7D9F /* Base */ = {isa = PBXFileReference; lastKnownFileType = file.storyboard; name = Base; path = Base.lproj/Main.storyboard; sourceTree = "<group>"; };
		B11C9D7D29BFEA02004A7D9F /* MAPD724___ICE_7.xcdatamodel */ = {isa = PBXFileReference; lastKnownFileType = wrapper.xcdatamodel; path = "MAPD724___ICE_7.xcdatamodel"; sourceTree = "<group>"; };
		B11C9D7F29BFEA03004A7D9F /* Assets.xcassets */ = {isa = PBXFileReference; lastKnownFileType = folder.assetcatalog; path = Assets.xcassets; sourceTree = "<group>"; };
		B11C9D8229BFEA03004A7D9F /* Base */ = {isa = PBXFileReference; lastKnownFileType = file.storyboard; name = Base; path = Base.lproj/LaunchScreen.storyboard; sourceTree = "<group>"; };
		B11C9D8429BFEA03004A7D9F /* Info.plist */ = {isa = PBXFileReference; lastKnownFileType = text.plist.xml; path = Info.plist; sourceTree = "<group>"; };
/* End PBXFileReference section */

/* Begin PBXFrameworksBuildPhase section */
		B11C9D6D29BFEA02004A7D9F /* Frameworks */ = {
			isa = PBXFrameworksBuildPhase;
			buildActionMask = 2147483647;
			files = (
			);
			runOnlyForDeploymentPostprocessing = 0;
		};
/* End PBXFrameworksBuildPhase section */

/* Begin PBXGroup section */
		B11C9D6729BFEA02004A7D9F = {
			isa = PBXGroup;
			children = (
				B11C9D7229BFEA02004A7D9F /* MAPD724 - ICE 7 */,
				B11C9D7129BFEA02004A7D9F /* Products */,
			);
			sourceTree = "<group>";
		};
		B11C9D7129BFEA02004A7D9F /* Products */ = {
			isa = PBXGroup;
			children = (
				B11C9D7029BFEA02004A7D9F /* MAPD724 - ICE 7.app */,
			);
			name = Products;
			sourceTree = "<group>";
		};
		B11C9D7229BFEA02004A7D9F /* MAPD724 - ICE 7 */ = {
			isa = PBXGroup;
			children = (
				B11C9D7329BFEA02004A7D9F /* AppDelegate.swift */,
				B11C9D7529BFEA02004A7D9F /* SceneDelegate.swift */,
				B11C9D7729BFEA02004A7D9F /* ViewController.swift */,
				B11C9D7929BFEA02004A7D9F /* Main.storyboard */,
				B11C9D7F29BFEA03004A7D9F /* Assets.xcassets */,
				B11C9D8129BFEA03004A7D9F /* LaunchScreen.storyboard */,
				B11C9D8429BFEA03004A7D9F /* Info.plist */,
				B11C9D7C29BFEA02004A7D9F /* MAPD724___ICE_7.xcdatamodeld */,
			);
			path = "MAPD724 - ICE 7";
			sourceTree = "<group>";
		};
/* End PBXGroup section */

/* Begin PBXNativeTarget section */
		B11C9D6F29BFEA02004A7D9F /* MAPD724 - ICE 7 */ = {
			isa = PBXNativeTarget;
			buildConfigurationList = B11C9D8729BFEA03004A7D9F /* Build configuration list for PBXNativeTarget "MAPD724 - ICE 7" */;
			buildPhases = (
				B11C9D6C29BFEA02004A7D9F /* Sources */,
				B11C9D6D29BFEA02004A7D9F /* Frameworks */,
				B11C9D6E29BFEA02004A7D9F /* Resources */,
			);
			buildRules = (
			);
			dependencies = (
			);
			name = "MAPD724 - ICE 7";
			productName = "MAPD724 - ICE 7";
			productReference = B11C9D7029BFEA02004A7D9F /* MAPD724 - ICE 7.app */;
			productType = "com.apple.product-type.application";
		};
/* End PBXNativeTarget section */

/* Begin PBXProject section */
		B11C9D6829BFEA02004A7D9F /* Project object */ = {
			isa = PBXProject;
			attributes = {
				BuildIndependentTargetsInParallel = 1;
				LastSwiftUpdateCheck = 1420;
				LastUpgradeCheck = 1420;
				TargetAttributes = {
					B11C9D6F29BFEA02004A7D9F = {
						CreatedOnToolsVersion = 14.2;
					};
				};
			};
			buildConfigurationList = B11C9D6B29BFEA02004A7D9F /* Build configuration list for PBXProject "MAPD724 - ICE 7" */;
			compatibilityVersion = "Xcode 14.0";
			developmentRegion = en;
			hasScannedForEncodings = 0;
			knownRegions = (
				en,
				Base,
			);
			mainGroup = B11C9D6729BFEA02004A7D9F;
			productRefGroup = B11C9D7129BFEA02004A7D9F /* Products */;
			projectDirPath = "";
			projectRoot = "";
			targets = (
				B11C9D6F29BFEA02004A7D9F /* MAPD724 - ICE 7 */,
			);
		};
/* End PBXProject section */

/* Begin PBXResourcesBuildPhase section */
		B11C9D6E29BFEA02004A7D9F /* Resources */ = {
			isa = PBXResourcesBuildPhase;
			buildActionMask = 2147483647;
			files = (
				B11C9D8329BFEA03004A7D9F /* LaunchScreen.storyboard in Resources */,
				B11C9D8029BFEA03004A7D9F /* Assets.xcassets in Resources */,
				B11C9D7B29BFEA02004A7D9F /* Main.storyboard in Resources */,
			);
			runOnlyForDeploymentPostprocessing = 0;
		};
/* End PBXResourcesBuildPhase section */

/* Begin PBXSourcesBuildPhase section */
		B11C9D6C29BFEA02004A7D9F /* Sources */ = {
			isa = PBXSourcesBuildPhase;
			buildActionMask = 2147483647;
			files = (
				B11C9D7829BFEA02004A7D9F /* ViewController.swift in Sources */,
				B11C9D7429BFEA02004A7D9F /* AppDelegate.swift in Sources */,
				B11C9D7629BFEA02004A7D9F /* SceneDelegate.swift in Sources */,
				B11C9D7E29BFEA02004A7D9F /* MAPD724___ICE_7.xcdatamodeld in Sources */,
			);
			runOnlyForDeploymentPostprocessing = 0;
		};
/* End PBXSourcesBuildPhase section */

/* Begin PBXVariantGroup section */
		B11C9D7929BFEA02004A7D9F /* Main.storyboard */ = {
			isa = PBXVariantGroup;
			children = (
				B11C9D7A29BFEA02004A7D9F /* Base */,
			);
			name = Main.storyboard;
			sourceTree = "<group>";
		};
		B11C9D8129BFEA03004A7D9F /* LaunchScreen.storyboard */ = {
			isa = PBXVariantGroup;
			children = (
				B11C9D8229BFEA03004A7D9F /* Base */,
			);
			name = LaunchScreen.storyboard;
			sourceTree = "<group>";
		};
/* End PBXVariantGroup section */

/* Begin XCBuildConfiguration section */
		B11C9D8529BFEA03004A7D9F /* Debug */ = {
			isa = XCBuildConfiguration;
			buildSettings = {
				ALWAYS_SEARCH_USER_PATHS = NO;
				CLANG_ANALYZER_NONNULL = YES;
				CLANG_ANALYZER_NUMBER_OBJECT_CONVERSION = YES_AGGRESSIVE;
				CLANG_CXX_LANGUAGE_STANDARD = "gnu++20";
				CLANG_ENABLE_MODULES = YES;
				CLANG_ENABLE_OBJC_ARC = YES;
				CLANG_ENABLE_OBJC_WEAK = YES;
				CLANG_WARN_BLOCK_CAPTURE_AUTORELEASING = YES;
				CLANG_WARN_BOOL_CONVERSION = YES;
				CLANG_WARN_COMMA = YES;
				CLANG_WARN_CONSTANT_CONVERSION = YES;
				CLANG_WARN_DEPRECATED_OBJC_IMPLEMENTATIONS = YES;
				CLANG_WARN_DIRECT_OBJC_ISA_USAGE = YES_ERROR;
				CLANG_WARN_DOCUMENTATION_COMMENTS = YES;
				CLANG_WARN_EMPTY_BODY = YES;
				CLANG_WARN_ENUM_CONVERSION = YES;
				CLANG_WARN_INFINITE_RECURSION = YES;
				CLANG_WARN_INT_CONVERSION = YES;
				CLANG_WARN_NON_LITERAL_NULL_CONVERSION = YES;
				CLANG_WARN_OBJC_IMPLICIT_RETAIN_SELF = YES;
				CLANG_WARN_OBJC_LITERAL_CONVERSION = YES;
				CLANG_WARN_OBJC_ROOT_CLASS = YES_ERROR;
				CLANG_WARN_QUOTED_INCLUDE_IN_FRAMEWORK_HEADER = YES;
				CLANG_WARN_RANGE_LOOP_ANALYSIS = YES;
				CLANG_WARN_STRICT_PROTOTYPES = YES;
				CLANG_WARN_SUSPICIOUS_MOVE = YES;
				CLANG_WARN_UNGUARDED_AVAILABILITY = YES_AGGRESSIVE;
				CLANG_WARN_UNREACHABLE_CODE = YES;
				CLANG_WARN__DUPLICATE_METHOD_MATCH = YES;
				COPY_PHASE_STRIP = NO;
				DEBUG_INFORMATION_FORMAT = dwarf;
				ENABLE_STRICT_OBJC_MSGSEND = YES;
				ENABLE_TESTABILITY = YES;
				GCC_C_LANGUAGE_STANDARD = gnu11;
				GCC_DYNAMIC_NO_PIC = NO;
				GCC_NO_COMMON_BLOCKS = YES;
				GCC_OPTIMIZATION_LEVEL = 0;
				GCC_PREPROCESSOR_DEFINITIONS = (
					"DEBUG=1",
					"$(inherited)",
				);
				GCC_WARN_64_TO_32_BIT_CONVERSION = YES;
				GCC_WARN_ABOUT_RETURN_TYPE = YES_ERROR;
				GCC_WARN_UNDECLARED_SELECTOR = YES;
				GCC_WARN_UNINITIALIZED_AUTOS = YES_AGGRESSIVE;
				GCC_WARN_UNUSED_FUNCTION = YES;
				GCC_WARN_UNUSED_VARIABLE = YES;
				IPHONEOS_DEPLOYMENT_TARGET = 16.2;
				MTL_ENABLE_DEBUG_INFO = INCLUDE_SOURCE;
				MTL_FAST_MATH = YES;
				ONLY_ACTIVE_ARCH = YES;
				SDKROOT = iphoneos;
				SWIFT_ACTIVE_COMPILATION_CONDITIONS = DEBUG;
				SWIFT_OPTIMIZATION_LEVEL = "-Onone";
			};
			name = Debug;
		};
		B11C9D8629BFEA03004A7D9F /* Release */ = {
			isa = XCBuildConfiguration;
			buildSettings = {
				ALWAYS_SEARCH_USER_PATHS = NO;
				CLANG_ANALYZER_NONNULL = YES;
				CLANG_ANALYZER_NUMBER_OBJECT_CONVERSION = YES_AGGRESSIVE;
				CLANG_CXX_LANGUAGE_STANDARD = "gnu++20";
				CLANG_ENABLE_MODULES = YES;
				CLANG_ENABLE_OBJC_ARC = YES;
				CLANG_ENABLE_OBJC_WEAK = YES;
				CLANG_WARN_BLOCK_CAPTURE_AUTORELEASING = YES;
				CLANG_WARN_BOOL_CONVERSION = YES;
				CLANG_WARN_COMMA = YES;
				CLANG_WARN_CONSTANT_CONVERSION = YES;
				CLANG_WARN_DEPRECATED_OBJC_IMPLEMENTATIONS = YES;
				CLANG_WARN_DIRECT_OBJC_ISA_USAGE = YES_ERROR;
				CLANG_WARN_DOCUMENTATION_COMMENTS = YES;
				CLANG_WARN_EMPTY_BODY = YES;
				CLANG_WARN_ENUM_CONVERSION = YES;
				CLANG_WARN_INFINITE_RECURSION = YES;
				CLANG_WARN_INT_CONVERSION = YES;
				CLANG_WARN_NON_LITERAL_NULL_CONVERSION = YES;
				CLANG_WARN_OBJC_IMPLICIT_RETAIN_SELF = YES;
				CLANG_WARN_OBJC_LITERAL_CONVERSION = YES;
				CLANG_WARN_OBJC_ROOT_CLASS = YES_ERROR;
				CLANG_WARN_QUOTED_INCLUDE_IN_FRAMEWORK_HEADER = YES;
				CLANG_WARN_RANGE_LOOP_ANALYSIS = YES;
				CLANG_WARN_STRICT_PROTOTYPES = YES;
				CLANG_WARN_SUSPICIOUS_MOVE = YES;
				CLANG_WARN_UNGUARDED_AVAILABILITY = YES_AGGRESSIVE;
				CLANG_WARN_UNREACHABLE_CODE = YES;
				CLANG_WARN__DUPLICATE_METHOD_MATCH = YES;
				COPY_PHASE_STRIP = NO;
				DEBUG_INFORMATION_FORMAT = "dwarf-with-dsym";
				ENABLE_NS_ASSERTIONS = NO;
				ENABLE_STRICT_OBJC_MSGSEND = YES;
				GCC_C_LANGUAGE_STANDARD = gnu11;
				GCC_NO_COMMON_BLOCKS = YES;
				GCC_WARN_64_TO_32_BIT_CONVERSION = YES;
				GCC_WARN_ABOUT_RETURN_TYPE = YES_ERROR;
				GCC_WARN_UNDECLARED_SELECTOR = YES;
				GCC_WARN_UNINITIALIZED_AUTOS = YES_AGGRESSIVE;
				GCC_WARN_UNUSED_FUNCTION = YES;
				GCC_WARN_UNUSED_VARIABLE = YES;
				IPHONEOS_DEPLOYMENT_TARGET = 16.2;
				MTL_ENABLE_DEBUG_INFO = NO;
				MTL_FAST_MATH = YES;
				SDKROOT = iphoneos;
				SWIFT_COMPILATION_MODE = wholemodule;
				SWIFT_OPTIMIZATION_LEVEL = "-O";
				VALIDATE_PRODUCT = YES;
			};
			name = Release;
		};
		B11C9D8829BFEA03004A7D9F /* Debug */ = {
			isa = XCBuildConfiguration;
			buildSettings = {
				ASSETCATALOG_COMPILER_APPICON_NAME = AppIcon;
				ASSETCATALOG_COMPILER_GLOBAL_ACCENT_COLOR_NAME = AccentColor;
				CODE_SIGN_STYLE = Automatic;
				CURRENT_PROJECT_VERSION = 1;
				DEVELOPMENT_TEAM = 8R33B3Y225;
				GENERATE_INFOPLIST_FILE = YES;
				INFOPLIST_FILE = "MAPD724 - ICE 7/Info.plist";
				INFOPLIST_KEY_UIApplicationSupportsIndirectInputEvents = YES;
				INFOPLIST_KEY_UILaunchStoryboardName = LaunchScreen;
				INFOPLIST_KEY_UIMainStoryboardFile = Main;
				INFOPLIST_KEY_UISupportedInterfaceOrientations_iPad = "UIInterfaceOrientationPortrait UIInterfaceOrientationPortraitUpsideDown UIInterfaceOrientationLandscapeLeft UIInterfaceOrientationLandscapeRight";
				INFOPLIST_KEY_UISupportedInterfaceOrientations_iPhone = "UIInterfaceOrientationPortrait UIInterfaceOrientationLandscapeLeft UIInterfaceOrientationLandscapeRight";
				LD_RUNPATH_SEARCH_PATHS = (
					"$(inherited)",
					"@executable_path/Frameworks",
				);
				MARKETING_VERSION = 1.0;
				PRODUCT_BUNDLE_IDENTIFIER = "com.example.MAPD724---ICE-7";
				PRODUCT_NAME = "$(TARGET_NAME)";
				SWIFT_EMIT_LOC_STRINGS = YES;
				SWIFT_VERSION = 5.0;
				TARGETED_DEVICE_FAMILY = "1,2";
			};
			name = Debug;
		};
		B11C9D8929BFEA03004A7D9F /* Release */ = {
			isa = XCBuildConfiguration;
			buildSettings = {
				ASSETCATALOG_COMPILER_APPICON_NAME = AppIcon;
				ASSETCATALOG_COMPILER_GLOBAL_ACCENT_COLOR_NAME = AccentColor;
				CODE_SIGN_STYLE = Automatic;
				CURRENT_PROJECT_VERSION = 1;
				DEVELOPMENT_TEAM = 8R33B3Y225;
				GENERATE_INFOPLIST_FILE = YES;
				INFOPLIST_FILE = "MAPD724 - ICE 7/Info.plist";
				INFOPLIST_KEY_UIApplicationSupportsIndirectInputEvents = YES;
				INFOPLIST_KEY_UILaunchStoryboardName = LaunchScreen;
				INFOPLIST_KEY_UIMainStoryboardFile = Main;
				INFOPLIST_KEY_UISupportedInterfaceOrientations_iPad = "UIInterfaceOrientationPortrait UIInterfaceOrientationPortraitUpsideDown UIInterfaceOrientationLandscapeLeft UIInterfaceOrientationLandscapeRight";
				INFOPLIST_KEY_UISupportedInterfaceOrientations_iPhone = "UIInterfaceOrientationPortrait UIInterfaceOrientationLandscapeLeft UIInterfaceOrientationLandscapeRight";
				LD_RUNPATH_SEARCH_PATHS = (
					"$(inherited)",
					"@executable_path/Frameworks",
				);
				MARKETING_VERSION = 1.0;
				PRODUCT_BUNDLE_IDENTIFIER = "com.example.MAPD724---ICE-7";
				PRODUCT_NAME = "$(TARGET_NAME)";
				SWIFT_EMIT_LOC_STRINGS = YES;
				SWIFT_VERSION = 5.0;
				TARGETED_DEVICE_FAMILY = "1,2";
			};
			name = Release;
		};
/* End XCBuildConfiguration section */

/* Begin XCConfigurationList section */
		B11C9D6B29BFEA02004A7D9F /* Build configuration list for PBXProject "MAPD724 - ICE 7" */ = {
			isa = XCConfigurationList;
			buildConfigurations = (
				B11C9D8529BFEA03004A7D9F /* Debug */,
				B11C9D8629BFEA03004A7D9F /* Release */,
			);
			defaultConfigurationIsVisible = 0;
			defaultConfigurationName = Release;
		};
		B11C9D8729BFEA03004A7D9F /* Build configuration list for PBXNativeTarget "MAPD724 - ICE 7" */ = {
			isa = XCConfigurationList;
			buildConfigurations = (
				B11C9D8829BFEA03004A7D9F /* Debug */,
				B11C9D8929BFEA03004A7D9F /* Release */,
			);
			defaultConfigurationIsVisible = 0;
			defaultConfigurationName = Release;
		};
/* End XCConfigurationList section */

/* Begin XCVersionGroup section */
		B11C9D7C29BFEA02004A7D9F /* MAPD724___ICE_7.xcdatamodeld */ = {
			isa = XCVersionGroup;
			children = (
				B11C9D7D29BFEA02004A7D9F /* MAPD724___ICE_7.xcdatamodel */,
			);
			currentVersion = B11C9D7D29BFEA02004A7D9F /* MAPD724___ICE_7.xcdatamodel */;
			path = "MAPD724___ICE_7.xcdatamodeld";
			sourceTree = "<group>";
			versionGroupType = wrapper.xcdatamodel;
		};
/* End XCVersionGroup section */
	};
	rootObject = B11C9D6829BFEA02004A7D9F /* Project object */;
}
